{
  "name": "select10",
  "lockfileVersion": 2,
  "requires": true,
  "packages": {
    "": {
      "dependencies": {
        "slim-select": "^2.3.3"
      }
    },
    "node_modules/slim-select": {
      "version": "2.3.3",
      "resolved": "https://registry.npmjs.org/slim-select/-/slim-select-2.3.3.tgz",
      "integrity": "sha512-BZNgU1DWDPtfSKKVfEdVMhLDCurzTTdX7n0AFuR/MNy2BzVYHN3WfkceAK1rttLqGgzFAHotq7Qm2JdrhOH5Ag=="
    }
  },
  "dependencies": {
    "slim-select": {
      "version": "2.3.3",
      "resolved": "https://registry.npmjs.org/slim-select/-/slim-select-2.3.3.tgz",
      "integrity": "sha512-BZNgU1DWDPtfSKKVfEdVMhLDCurzTTdX7n0AFuR/MNy2BzVYHN3WfkceAK1rttLqGgzFAHotq7Qm2JdrhOH5Ag=="
    }
  }
}
